
Microsoft Visual Studio Solution File, Format Version 12.00
# Visual Studio Version 17
VisualStudioVersion = 17.14.36603.0 d17.14
MinimumVisualStudioVersion = 10.0.40219.1
Project("{FAE04EC0-301F-11D3-BF4B-00C04F79EFBC}") = "Sub-Pal-API", "Sub-Pal-API.csproj", "{1B3E97E9-0248-47F4-BDF1-CC11F9B7F20E}"
EndProject
Global
	GlobalSection(SolutionConfigurationPlatforms) = preSolution
		Debug|Any CPU = Debug|Any CPU
		Release|Any CPU = Release|Any CPU
	EndGlobalSection
	GlobalSection(ProjectConfigurationPlatforms) = postSolution
		{1B3E97E9-0248-47F4-BDF1-CC11F9B7F20E}.Debug|Any CPU.ActiveCfg = Debug|Any CPU
		{1B3E97E9-0248-47F4-BDF1-CC11F9B7F20E}.Debug|Any CPU.Build.0 = Debug|Any CPU
		{1B3E97E9-0248-47F4-BDF1-CC11F9B7F20E}.Release|Any CPU.ActiveCfg = Release|Any CPU
		{1B3E97E9-0248-47F4-BDF1-CC11F9B7F20E}.Release|Any CPU.Build.0 = Release|Any CPU
	EndGlobalSection
	GlobalSection(SolutionProperties) = preSolution
		HideSolutionNode = FALSE
	EndGlobalSection
	GlobalSection(ExtensibilityGlobals) = postSolution
		SolutionGuid = {DE068DC4-45F5-41A9-A7A6-C398118B3BB5}
	EndGlobalSection
EndGlobal
